
Microsoft Visual Studio Solution File, Format Version 12.00
# Visual Studio 15
VisualStudioVersion = 15.0.28307.329
MinimumVisualStudioVersion = 10.0.40219.1
Project("{FAE04EC0-301F-11D3-BF4B-00C04F79EFBC}") = "USS_FlexBox.Android", "USS_FlexBox\USS_FlexBox.Android\USS_FlexBox.Android.csproj", "{E0D67139-47A1-40C7-BD4D-35B9E709D77B}"
EndProject
Project("{FAE04EC0-301F-11D3-BF4B-00C04F79EFBC}") = "USS_FlexBox.iOS", "USS_FlexBox\USS_FlexBox.iOS\USS_FlexBox.iOS.csproj", "{6535A096-7ED1-4F12-AAF5-656444371EFA}"
EndProject
Project("{FAE04EC0-301F-11D3-BF4B-00C04F79EFBC}") = "USS_FlexBox.UWP", "USS_FlexBox\USS_FlexBox.UWP\USS_FlexBox.UWP.csproj", "{DFB4A1AC-1A1B-4B97-97D7-A815F4068DA4}"
EndProject
Project("{FAE04EC0-301F-11D3-BF4B-00C04F79EFBC}") = "USS_FlexBox", "USS_FlexBox\USS_FlexBox\USS_FlexBox.csproj", "{4AD98E0E-B8DC-444D-9155-62226C075BAD}"
EndProject
Global
	GlobalSection(SolutionConfigurationPlatforms) = preSolution
		Ad-Hoc|Any CPU = Ad-Hoc|Any CPU
		Ad-Hoc|ARM = Ad-Hoc|ARM
		Ad-Hoc|iPhone = Ad-Hoc|iPhone
		Ad-Hoc|iPhoneSimulator = Ad-Hoc|iPhoneSimulator
		Ad-Hoc|x64 = Ad-Hoc|x64
		Ad-Hoc|x86 = Ad-Hoc|x86
		AppStore|Any CPU = AppStore|Any CPU
		AppStore|ARM = AppStore|ARM
		AppStore|iPhone = AppStore|iPhone
		AppStore|iPhoneSimulator = AppStore|iPhoneSimulator
		AppStore|x64 = AppStore|x64
		AppStore|x86 = AppStore|x86
		Debug|Any CPU = Debug|Any CPU
		Debug|ARM = Debug|ARM
		Debug|iPhone = Debug|iPhone
		Debug|iPhoneSimulator = Debug|iPhoneSimulator
		Debug|x64 = Debug|x64
		Debug|x86 = Debug|x86
		Release|Any CPU = Release|Any CPU
		Release|ARM = Release|ARM
		Release|iPhone = Release|iPhone
		Release|iPhoneSimulator = Release|iPhoneSimulator
		Release|x64 = Release|x64
		Release|x86 = Release|x86
	EndGlobalSection
	GlobalSection(ProjectConfigurationPlatforms) = postSolution
		{E0D67139-47A1-40C7-BD4D-35B9E709D77B}.Ad-Hoc|Any CPU.ActiveCfg = Release|Any CPU
		{E0D67139-47A1-40C7-BD4D-35B9E709D77B}.Ad-Hoc|Any CPU.Build.0 = Release|Any CPU
		{E0D67139-47A1-40C7-BD4D-35B9E709D77B}.Ad-Hoc|Any CPU.Deploy.0 = Release|Any CPU
		{E0D67139-47A1-40C7-BD4D-35B9E709D77B}.Ad-Hoc|ARM.ActiveCfg = Release|Any CPU
		{E0D67139-47A1-40C7-BD4D-35B9E709D77B}.Ad-Hoc|ARM.Build.0 = Release|Any CPU
		{E0D67139-47A1-40C7-BD4D-35B9E709D77B}.Ad-Hoc|ARM.Deploy.0 = Release|Any CPU
		{E0D67139-47A1-40C7-BD4D-35B9E709D77B}.Ad-Hoc|iPhone.ActiveCfg = Release|Any CPU
		{E0D67139-47A1-40C7-BD4D-35B9E709D77B}.Ad-Hoc|iPhone.Build.0 = Release|Any CPU
		{E0D67139-47A1-40C7-BD4D-35B9E709D77B}.Ad-Hoc|iPhone.Deploy.0 = Release|Any CPU
		{E0D67139-47A1-40C7-BD4D-35B9E709D77B}.Ad-Hoc|iPhoneSimulator.ActiveCfg = Release|Any CPU
		{E0D67139-47A1-40C7-BD4D-35B9E709D77B}.Ad-Hoc|iPhoneSimulator.Build.0 = Release|Any CPU
		{E0D67139-47A1-40C7-BD4D-35B9E709D77B}.Ad-Hoc|iPhoneSimulator.Deploy.0 = Release|Any CPU
		{E0D67139-47A1-40C7-BD4D-35B9E709D77B}.Ad-Hoc|x64.ActiveCfg = Release|Any CPU
		{E0D67139-47A1-40C7-BD4D-35B9E709D77B}.Ad-Hoc|x64.Build.0 = Release|Any CPU
		{E0D67139-47A1-40C7-BD4D-35B9E709D77B}.Ad-Hoc|x64.Deploy.0 = Release|Any CPU
		{E0D67139-47A1-40C7-BD4D-35B9E709D77B}.Ad-Hoc|x86.ActiveCfg = Release|Any CPU
		{E0D67139-47A1-40C7-BD4D-35B9E709D77B}.Ad-Hoc|x86.Build.0 = Release|Any CPU
		{E0D67139-47A1-40C7-BD4D-35B9E709D77B}.Ad-Hoc|x86.Deploy.0 = Release|Any CPU
		{E0D67139-47A1-40C7-BD4D-35B9E709D77B}.AppStore|Any CPU.ActiveCfg = Release|Any CPU
		{E0D67139-47A1-40C7-BD4D-35B9E709D77B}.AppStore|Any CPU.Build.0 = Release|Any CPU
		{E0D67139-47A1-40C7-BD4D-35B9E709D77B}.AppStore|Any CPU.Deploy.0 = Release|Any CPU
		{E0D67139-47A1-40C7-BD4D-35B9E709D77B}.AppStore|ARM.ActiveCfg = Release|Any CPU
		{E0D67139-47A1-40C7-BD4D-35B9E709D77B}.AppStore|ARM.Build.0 = Release|Any CPU
		{E0D67139-47A1-40C7-BD4D-35B9E709D77B}.AppStore|ARM.Deploy.0 = Release|Any CPU
		{E0D67139-47A1-40C7-BD4D-35B9E709D77B}.AppStore|iPhone.ActiveCfg = Release|Any CPU
		{E0D67139-47A1-40C7-BD4D-35B9E709D77B}.AppStore|iPhone.Build.0 = Release|Any CPU
		{E0D67139-47A1-40C7-BD4D-35B9E709D77B}.AppStore|iPhone.Deploy.0 = Release|Any CPU
		{E0D67139-47A1-40C7-BD4D-35B9E709D77B}.AppStore|iPhoneSimulator.ActiveCfg = Release|Any CPU
		{E0D67139-47A1-40C7-BD4D-35B9E709D77B}.AppStore|iPhoneSimulator.Build.0 = Release|Any CPU
		{E0D67139-47A1-40C7-BD4D-35B9E709D77B}.AppStore|iPhoneSimulator.Deploy.0 = Release|Any CPU
		{E0D67139-47A1-40C7-BD4D-35B9E709D77B}.AppStore|x64.ActiveCfg = Release|Any CPU
		{E0D67139-47A1-40C7-BD4D-35B9E709D77B}.AppStore|x64.Build.0 = Release|Any CPU
		{E0D67139-47A1-40C7-BD4D-35B9E709D77B}.AppStore|x64.Deploy.0 = Release|Any CPU
		{E0D67139-47A1-40C7-BD4D-35B9E709D77B}.AppStore|x86.ActiveCfg = Release|Any CPU
		{E0D67139-47A1-40C7-BD4D-35B9E709D77B}.AppStore|x86.Build.0 = Release|Any CPU
		{E0D67139-47A1-40C7-BD4D-35B9E709D77B}.AppStore|x86.Deploy.0 = Release|Any CPU
		{E0D67139-47A1-40C7-BD4D-35B9E709D77B}.Debug|Any CPU.ActiveCfg = Debug|Any CPU
		{E0D67139-47A1-40C7-BD4D-35B9E709D77B}.Debug|Any CPU.Build.0 = Debug|Any CPU
		{E0D67139-47A1-40C7-BD4D-35B9E709D77B}.Debug|Any CPU.Deploy.0 = Debug|Any CPU
		{E0D67139-47A1-40C7-BD4D-35B9E709D77B}.Debug|ARM.ActiveCfg = Debug|Any CPU
		{E0D67139-47A1-40C7-BD4D-35B9E709D77B}.Debug|ARM.Build.0 = Debug|Any CPU
		{E0D67139-47A1-40C7-BD4D-35B9E709D77B}.Debug|ARM.Deploy.0 = Debug|Any CPU
		{E0D67139-47A1-40C7-BD4D-35B9E709D77B}.Debug|iPhone.ActiveCfg = Debug|Any CPU
		{E0D67139-47A1-40C7-BD4D-35B9E709D77B}.Debug|iPhone.Build.0 = Debug|Any CPU
		{E0D67139-47A1-40C7-BD4D-35B9E709D77B}.Debug|iPhone.Deploy.0 = Debug|Any CPU
		{E0D67139-47A1-40C7-BD4D-35B9E709D77B}.Debug|iPhoneSimulator.ActiveCfg = Debug|Any CPU
		{E0D67139-47A1-40C7-BD4D-35B9E709D77B}.Debug|iPhoneSimulator.Build.0 = Debug|Any CPU
		{E0D67139-47A1-40C7-BD4D-35B9E709D77B}.Debug|iPhoneSimulator.Deploy.0 = Debug|Any CPU
		{E0D67139-47A1-40C7-BD4D-35B9E709D77B}.Debug|x64.ActiveCfg = Debug|Any CPU
		{E0D67139-47A1-40C7-BD4D-35B9E709D77B}.Debug|x64.Build.0 = Debug|Any CPU
		{E0D67139-47A1-40C7-BD4D-35B9E709D77B}.Debug|x64.Deploy.0 = Debug|Any CPU
		{E0D67139-47A1-40C7-BD4D-35B9E709D77B}.Debug|x86.ActiveCfg = Debug|Any CPU
		{E0D67139-47A1-40C7-BD4D-35B9E709D77B}.Debug|x86.Build.0 = Debug|Any CPU
		{E0D67139-47A1-40C7-BD4D-35B9E709D77B}.Debug|x86.Deploy.0 = Debug|Any CPU
		{E0D67139-47A1-40C7-BD4D-35B9E709D77B}.Release|Any CPU.ActiveCfg = Release|Any CPU
		{E0D67139-47A1-40C7-BD4D-35B9E709D77B}.Release|Any CPU.Build.0 = Release|Any CPU
		{E0D67139-47A1-40C7-BD4D-35B9E709D77B}.Release|Any CPU.Deploy.0 = Release|Any CPU
		{E0D67139-47A1-40C7-BD4D-35B9E709D77B}.Release|ARM.ActiveCfg = Release|Any CPU
		{E0D67139-47A1-40C7-BD4D-35B9E709D77B}.Release|ARM.Build.0 = Release|Any CPU
		{E0D67139-47A1-40C7-BD4D-35B9E709D77B}.Release|ARM.Deploy.0 = Release|Any CPU
		{E0D67139-47A1-40C7-BD4D-35B9E709D77B}.Release|iPhone.ActiveCfg = Release|Any CPU
		{E0D67139-47A1-40C7-BD4D-35B9E709D77B}.Release|iPhone.Build.0 = Release|Any CPU
		{E0D67139-47A1-40C7-BD4D-35B9E709D77B}.Release|iPhone.Deploy.0 = Release|Any CPU
		{E0D67139-47A1-40C7-BD4D-35B9E709D77B}.Release|iPhoneSimulator.ActiveCfg = Release|Any CPU
		{E0D67139-47A1-40C7-BD4D-35B9E709D77B}.Release|iPhoneSimulator.Build.0 = Release|Any CPU
		{E0D67139-47A1-40C7-BD4D-35B9E709D77B}.Release|iPhoneSimulator.Deploy.0 = Release|Any CPU
		{E0D67139-47A1-40C7-BD4D-35B9E709D77B}.Release|x64.ActiveCfg = Release|Any CPU
		{E0D67139-47A1-40C7-BD4D-35B9E709D77B}.Release|x64.Build.0 = Release|Any CPU
		{E0D67139-47A1-40C7-BD4D-35B9E709D77B}.Release|x64.Deploy.0 = Release|Any CPU
		{E0D67139-47A1-40C7-BD4D-35B9E709D77B}.Release|x86.ActiveCfg = Release|Any CPU
		{E0D67139-47A1-40C7-BD4D-35B9E709D77B}.Release|x86.Build.0 = Release|Any CPU
		{E0D67139-47A1-40C7-BD4D-35B9E709D77B}.Release|x86.Deploy.0 = Release|Any CPU
		{6535A096-7ED1-4F12-AAF5-656444371EFA}.Ad-Hoc|Any CPU.ActiveCfg = Ad-Hoc|iPhone
		{6535A096-7ED1-4F12-AAF5-656444371EFA}.Ad-Hoc|Any CPU.Build.0 = Ad-Hoc|iPhone
		{6535A096-7ED1-4F12-AAF5-656444371EFA}.Ad-Hoc|Any CPU.Deploy.0 = Ad-Hoc|iPhone
		{6535A096-7ED1-4F12-AAF5-656444371EFA}.Ad-Hoc|ARM.ActiveCfg = Ad-Hoc|iPhone
		{6535A096-7ED1-4F12-AAF5-656444371EFA}.Ad-Hoc|ARM.Build.0 = Ad-Hoc|iPhone
		{6535A096-7ED1-4F12-AAF5-656444371EFA}.Ad-Hoc|ARM.Deploy.0 = Ad-Hoc|iPhone
		{6535A096-7ED1-4F12-AAF5-656444371EFA}.Ad-Hoc|iPhone.ActiveCfg = Ad-Hoc|iPhone
		{6535A096-7ED1-4F12-AAF5-656444371EFA}.Ad-Hoc|iPhone.Build.0 = Ad-Hoc|iPhone
		{6535A096-7ED1-4F12-AAF5-656444371EFA}.Ad-Hoc|iPhone.Deploy.0 = Ad-Hoc|iPhone
		{6535A096-7ED1-4F12-AAF5-656444371EFA}.Ad-Hoc|iPhoneSimulator.ActiveCfg = Ad-Hoc|iPhoneSimulator
		{6535A096-7ED1-4F12-AAF5-656444371EFA}.Ad-Hoc|iPhoneSimulator.Build.0 = Ad-Hoc|iPhoneSimulator
		{6535A096-7ED1-4F12-AAF5-656444371EFA}.Ad-Hoc|iPhoneSimulator.Deploy.0 = Ad-Hoc|iPhoneSimulator
		{6535A096-7ED1-4F12-AAF5-656444371EFA}.Ad-Hoc|x64.ActiveCfg = Ad-Hoc|iPhone
		{6535A096-7ED1-4F12-AAF5-656444371EFA}.Ad-Hoc|x64.Build.0 = Ad-Hoc|iPhone
		{6535A096-7ED1-4F12-AAF5-656444371EFA}.Ad-Hoc|x64.Deploy.0 = Ad-Hoc|iPhone
		{6535A096-7ED1-4F12-AAF5-656444371EFA}.Ad-Hoc|x86.ActiveCfg = Ad-Hoc|iPhone
		{6535A096-7ED1-4F12-AAF5-656444371EFA}.Ad-Hoc|x86.Build.0 = Ad-Hoc|iPhone
		{6535A096-7ED1-4F12-AAF5-656444371EFA}.Ad-Hoc|x86.Deploy.0 = Ad-Hoc|iPhone
		{6535A096-7ED1-4F12-AAF5-656444371EFA}.AppStore|Any CPU.ActiveCfg = AppStore|iPhone
		{6535A096-7ED1-4F12-AAF5-656444371EFA}.AppStore|Any CPU.Build.0 = AppStore|iPhone
		{6535A096-7ED1-4F12-AAF5-656444371EFA}.AppStore|Any CPU.Deploy.0 = AppStore|iPhone
		{6535A096-7ED1-4F12-AAF5-656444371EFA}.AppStore|ARM.ActiveCfg = AppStore|iPhone
		{6535A096-7ED1-4F12-AAF5-656444371EFA}.AppStore|ARM.Build.0 = AppStore|iPhone
		{6535A096-7ED1-4F12-AAF5-656444371EFA}.AppStore|ARM.Deploy.0 = AppStore|iPhone
		{6535A096-7ED1-4F12-AAF5-656444371EFA}.AppStore|iPhone.ActiveCfg = AppStore|iPhone
		{6535A096-7ED1-4F12-AAF5-656444371EFA}.AppStore|iPhone.Build.0 = AppStore|iPhone
		{6535A096-7ED1-4F12-AAF5-656444371EFA}.AppStore|iPhone.Deploy.0 = AppStore|iPhone
		{6535A096-7ED1-4F12-AAF5-656444371EFA}.AppStore|iPhoneSimulator.ActiveCfg = AppStore|iPhoneSimulator
		{6535A096-7ED1-4F12-AAF5-656444371EFA}.AppStore|iPhoneSimulator.Build.0 = AppStore|iPhoneSimulator
		{6535A096-7ED1-4F12-AAF5-656444371EFA}.AppStore|iPhoneSimulator.Deploy.0 = AppStore|iPhoneSimulator
		{6535A096-7ED1-4F12-AAF5-656444371EFA}.AppStore|x64.ActiveCfg = AppStore|iPhone
		{6535A096-7ED1-4F12-AAF5-656444371EFA}.AppStore|x64.Build.0 = AppStore|iPhone
		{6535A096-7ED1-4F12-AAF5-656444371EFA}.AppStore|x64.Deploy.0 = AppStore|iPhone
		{6535A096-7ED1-4F12-AAF5-656444371EFA}.AppStore|x86.ActiveCfg = AppStore|iPhone
		{6535A096-7ED1-4F12-AAF5-656444371EFA}.AppStore|x86.Build.0 = AppStore|iPhone
		{6535A096-7ED1-4F12-AAF5-656444371EFA}.AppStore|x86.Deploy.0 = AppStore|iPhone
		{6535A096-7ED1-4F12-AAF5-656444371EFA}.Debug|Any CPU.ActiveCfg = Debug|iPhoneSimulator
		{6535A096-7ED1-4F12-AAF5-656444371EFA}.Debug|Any CPU.Build.0 = Debug|iPhoneSimulator
		{6535A096-7ED1-4F12-AAF5-656444371EFA}.Debug|Any CPU.Deploy.0 = Debug|iPhoneSimulator
		{6535A096-7ED1-4F12-AAF5-656444371EFA}.Debug|ARM.ActiveCfg = Debug|iPhone
		{6535A096-7ED1-4F12-AAF5-656444371EFA}.Debug|ARM.Build.0 = Debug|iPhone
		{6535A096-7ED1-4F12-AAF5-656444371EFA}.Debug|ARM.Deploy.0 = Debug|iPhone
		{6535A096-7ED1-4F12-AAF5-656444371EFA}.Debug|iPhone.ActiveCfg = Debug|iPhone
		{6535A096-7ED1-4F12-AAF5-656444371EFA}.Debug|iPhone.Build.0 = Debug|iPhone
		{6535A096-7ED1-4F12-AAF5-656444371EFA}.Debug|iPhone.Deploy.0 = Debug|iPhone
		{6535A096-7ED1-4F12-AAF5-656444371EFA}.Debug|iPhoneSimulator.ActiveCfg = Debug|iPhoneSimulator
		{6535A096-7ED1-4F12-AAF5-656444371EFA}.Debug|iPhoneSimulator.Build.0 = Debug|iPhoneSimulator
		{6535A096-7ED1-4F12-AAF5-656444371EFA}.Debug|iPhoneSimulator.Deploy.0 = Debug|iPhoneSimulator
		{6535A096-7ED1-4F12-AAF5-656444371EFA}.Debug|x64.ActiveCfg = Debug|iPhone
		{6535A096-7ED1-4F12-AAF5-656444371EFA}.Debug|x64.Build.0 = Debug|iPhone
		{6535A096-7ED1-4F12-AAF5-656444371EFA}.Debug|x64.Deploy.0 = Debug|iPhone
		{6535A096-7ED1-4F12-AAF5-656444371EFA}.Debug|x86.ActiveCfg = Debug|iPhone
		{6535A096-7ED1-4F12-AAF5-656444371EFA}.Debug|x86.Build.0 = Debug|iPhone
		{6535A096-7ED1-4F12-AAF5-656444371EFA}.Debug|x86.Deploy.0 = Debug|iPhone
		{6535A096-7ED1-4F12-AAF5-656444371EFA}.Release|Any CPU.ActiveCfg = Release|iPhone
		{6535A096-7ED1-4F12-AAF5-656444371EFA}.Release|Any CPU.Build.0 = Release|iPhone
		{6535A096-7ED1-4F12-AAF5-656444371EFA}.Release|Any CPU.Deploy.0 = Release|iPhone
		{6535A096-7ED1-4F12-AAF5-656444371EFA}.Release|ARM.ActiveCfg = Release|iPhone
		{6535A096-7ED1-4F12-AAF5-656444371EFA}.Release|ARM.Build.0 = Release|iPhone
		{6535A096-7ED1-4F12-AAF5-656444371EFA}.Release|ARM.Deploy.0 = Release|iPhone
		{6535A096-7ED1-4F12-AAF5-656444371EFA}.Release|iPhone.ActiveCfg = Release|iPhone
		{6535A096-7ED1-4F12-AAF5-656444371EFA}.Release|iPhone.Build.0 = Release|iPhone
		{6535A096-7ED1-4F12-AAF5-656444371EFA}.Release|iPhone.Deploy.0 = Release|iPhone
		{6535A096-7ED1-4F12-AAF5-656444371EFA}.Release|iPhoneSimulator.ActiveCfg = Release|iPhoneSimulator
		{6535A096-7ED1-4F12-AAF5-656444371EFA}.Release|iPhoneSimulator.Build.0 = Release|iPhoneSimulator
		{6535A096-7ED1-4F12-AAF5-656444371EFA}.Release|iPhoneSimulator.Deploy.0 = Release|iPhoneSimulator
		{6535A096-7ED1-4F12-AAF5-656444371EFA}.Release|x64.ActiveCfg = Release|iPhone
		{6535A096-7ED1-4F12-AAF5-656444371EFA}.Release|x64.Build.0 = Release|iPhone
		{6535A096-7ED1-4F12-AAF5-656444371EFA}.Release|x64.Deploy.0 = Release|iPhone
		{6535A096-7ED1-4F12-AAF5-656444371EFA}.Release|x86.ActiveCfg = Release|iPhone
		{6535A096-7ED1-4F12-AAF5-656444371EFA}.Release|x86.Build.0 = Release|iPhone
		{6535A096-7ED1-4F12-AAF5-656444371EFA}.Release|x86.Deploy.0 = Release|iPhone
		{DFB4A1AC-1A1B-4B97-97D7-A815F4068DA4}.Ad-Hoc|Any CPU.ActiveCfg = Release|x86
		{DFB4A1AC-1A1B-4B97-97D7-A815F4068DA4}.Ad-Hoc|Any CPU.Build.0 = Release|x86
		{DFB4A1AC-1A1B-4B97-97D7-A815F4068DA4}.Ad-Hoc|Any CPU.Deploy.0 = Release|x86
		{DFB4A1AC-1A1B-4B97-97D7-A815F4068DA4}.Ad-Hoc|ARM.ActiveCfg = Release|ARM
		{DFB4A1AC-1A1B-4B97-97D7-A815F4068DA4}.Ad-Hoc|ARM.Build.0 = Release|ARM
		{DFB4A1AC-1A1B-4B97-97D7-A815F4068DA4}.Ad-Hoc|ARM.Deploy.0 = Release|ARM
		{DFB4A1AC-1A1B-4B97-97D7-A815F4068DA4}.Ad-Hoc|iPhone.ActiveCfg = Release|x86
		{DFB4A1AC-1A1B-4B97-97D7-A815F4068DA4}.Ad-Hoc|iPhone.Build.0 = Release|x86
		{DFB4A1AC-1A1B-4B97-97D7-A815F4068DA4}.Ad-Hoc|iPhone.Deploy.0 = Release|x86
		{DFB4A1AC-1A1B-4B97-97D7-A815F4068DA4}.Ad-Hoc|iPhoneSimulator.ActiveCfg = Release|x86
		{DFB4A1AC-1A1B-4B97-97D7-A815F4068DA4}.Ad-Hoc|iPhoneSimulator.Build.0 = Release|x86
		{DFB4A1AC-1A1B-4B97-97D7-A815F4068DA4}.Ad-Hoc|iPhoneSimulator.Deploy.0 = Release|x86
		{DFB4A1AC-1A1B-4B97-97D7-A815F4068DA4}.Ad-Hoc|x64.ActiveCfg = Release|x64
		{DFB4A1AC-1A1B-4B97-97D7-A815F4068DA4}.Ad-Hoc|x64.Build.0 = Release|x64
		{DFB4A1AC-1A1B-4B97-97D7-A815F4068DA4}.Ad-Hoc|x64.Deploy.0 = Release|x64
		{DFB4A1AC-1A1B-4B97-97D7-A815F4068DA4}.Ad-Hoc|x86.ActiveCfg = Release|x86
		{DFB4A1AC-1A1B-4B97-97D7-A815F4068DA4}.Ad-Hoc|x86.Build.0 = Release|x86
		{DFB4A1AC-1A1B-4B97-97D7-A815F4068DA4}.Ad-Hoc|x86.Deploy.0 = Release|x86
		{DFB4A1AC-1A1B-4B97-97D7-A815F4068DA4}.AppStore|Any CPU.ActiveCfg = Release|x86
		{DFB4A1AC-1A1B-4B97-97D7-A815F4068DA4}.AppStore|Any CPU.Build.0 = Release|x86
		{DFB4A1AC-1A1B-4B97-97D7-A815F4068DA4}.AppStore|Any CPU.Deploy.0 = Release|x86
		{DFB4A1AC-1A1B-4B97-97D7-A815F4068DA4}.AppStore|ARM.ActiveCfg = Release|ARM
		{DFB4A1AC-1A1B-4B97-97D7-A815F4068DA4}.AppStore|ARM.Build.0 = Release|ARM
		{DFB4A1AC-1A1B-4B97-97D7-A815F4068DA4}.AppStore|ARM.Deploy.0 = Release|ARM
		{DFB4A1AC-1A1B-4B97-97D7-A815F4068DA4}.AppStore|iPhone.ActiveCfg = Release|x86
		{DFB4A1AC-1A1B-4B97-97D7-A815F4068DA4}.AppStore|iPhone.Build.0 = Release|x86
		{DFB4A1AC-1A1B-4B97-97D7-A815F4068DA4}.AppStore|iPhone.Deploy.0 = Release|x86
		{DFB4A1AC-1A1B-4B97-97D7-A815F4068DA4}.AppStore|iPhoneSimulator.ActiveCfg = Release|x86
		{DFB4A1AC-1A1B-4B97-97D7-A815F4068DA4}.AppStore|iPhoneSimulator.Build.0 = Release|x86
		{DFB4A1AC-1A1B-4B97-97D7-A815F4068DA4}.AppStore|iPhoneSimulator.Deploy.0 = Release|x86
		{DFB4A1AC-1A1B-4B97-97D7-A815F4068DA4}.AppStore|x64.ActiveCfg = Release|x64
		{DFB4A1AC-1A1B-4B97-97D7-A815F4068DA4}.AppStore|x64.Build.0 = Release|x64
		{DFB4A1AC-1A1B-4B97-97D7-A815F4068DA4}.AppStore|x64.Deploy.0 = Release|x64
		{DFB4A1AC-1A1B-4B97-97D7-A815F4068DA4}.AppStore|x86.ActiveCfg = Release|x86
		{DFB4A1AC-1A1B-4B97-97D7-A815F4068DA4}.AppStore|x86.Build.0 = Release|x86
		{DFB4A1AC-1A1B-4B97-97D7-A815F4068DA4}.AppStore|x86.Deploy.0 = Release|x86
		{DFB4A1AC-1A1B-4B97-97D7-A815F4068DA4}.Debug|Any CPU.ActiveCfg = Debug|x86
		{DFB4A1AC-1A1B-4B97-97D7-A815F4068DA4}.Debug|Any CPU.Build.0 = Debug|x86
		{DFB4A1AC-1A1B-4B97-97D7-A815F4068DA4}.Debug|Any CPU.Deploy.0 = Debug|x86
		{DFB4A1AC-1A1B-4B97-97D7-A815F4068DA4}.Debug|ARM.ActiveCfg = Debug|ARM
		{DFB4A1AC-1A1B-4B97-97D7-A815F4068DA4}.Debug|ARM.Build.0 = Debug|ARM
		{DFB4A1AC-1A1B-4B97-97D7-A815F4068DA4}.Debug|ARM.Deploy.0 = Debug|ARM
		{DFB4A1AC-1A1B-4B97-97D7-A815F4068DA4}.Debug|iPhone.ActiveCfg = Debug|x86
		{DFB4A1AC-1A1B-4B97-97D7-A815F4068DA4}.Debug|iPhone.Build.0 = Debug|x86
		{DFB4A1AC-1A1B-4B97-97D7-A815F4068DA4}.Debug|iPhone.Deploy.0 = Debug|x86
		{DFB4A1AC-1A1B-4B97-97D7-A815F4068DA4}.Debug|iPhoneSimulator.ActiveCfg = Debug|x86
		{DFB4A1AC-1A1B-4B97-97D7-A815F4068DA4}.Debug|iPhoneSimulator.Build.0 = Debug|x86
		{DFB4A1AC-1A1B-4B97-97D7-A815F4068DA4}.Debug|iPhoneSimulator.Deploy.0 = Debug|x86
		{DFB4A1AC-1A1B-4B97-97D7-A815F4068DA4}.Debug|x64.ActiveCfg = Debug|x64
		{DFB4A1AC-1A1B-4B97-97D7-A815F4068DA4}.Debug|x64.Build.0 = Debug|x64
		{DFB4A1AC-1A1B-4B97-97D7-A815F4068DA4}.Debug|x64.Deploy.0 = Debug|x64
		{DFB4A1AC-1A1B-4B97-97D7-A815F4068DA4}.Debug|x86.ActiveCfg = Debug|x86
		{DFB4A1AC-1A1B-4B97-97D7-A815F4068DA4}.Debug|x86.Build.0 = Debug|x86
		{DFB4A1AC-1A1B-4B97-97D7-A815F4068DA4}.Debug|x86.Deploy.0 = Debug|x86
		{DFB4A1AC-1A1B-4B97-97D7-A815F4068DA4}.Release|Any CPU.ActiveCfg = Release|x86
		{DFB4A1AC-1A1B-4B97-97D7-A815F4068DA4}.Release|Any CPU.Build.0 = Release|x86
		{DFB4A1AC-1A1B-4B97-97D7-A815F4068DA4}.Release|Any CPU.Deploy.0 = Release|x86
		{DFB4A1AC-1A1B-4B97-97D7-A815F4068DA4}.Release|ARM.ActiveCfg = Release|ARM
		{DFB4A1AC-1A1B-4B97-97D7-A815F4068DA4}.Release|ARM.Build.0 = Release|ARM
		{DFB4A1AC-1A1B-4B97-97D7-A815F4068DA4}.Release|ARM.Deploy.0 = Release|ARM
		{DFB4A1AC-1A1B-4B97-97D7-A815F4068DA4}.Release|iPhone.ActiveCfg = Release|x86
		{DFB4A1AC-1A1B-4B97-97D7-A815F4068DA4}.Release|iPhone.Build.0 = Release|x86
		{DFB4A1AC-1A1B-4B97-97D7-A815F4068DA4}.Release|iPhone.Deploy.0 = Release|x86
		{DFB4A1AC-1A1B-4B97-97D7-A815F4068DA4}.Release|iPhoneSimulator.ActiveCfg = Release|x86
		{DFB4A1AC-1A1B-4B97-97D7-A815F4068DA4}.Release|iPhoneSimulator.Build.0 = Release|x86
		{DFB4A1AC-1A1B-4B97-97D7-A815F4068DA4}.Release|iPhoneSimulator.Deploy.0 = Release|x86
		{DFB4A1AC-1A1B-4B97-97D7-A815F4068DA4}.Release|x64.ActiveCfg = Release|x64
		{DFB4A1AC-1A1B-4B97-97D7-A815F4068DA4}.Release|x64.Build.0 = Release|x64
		{DFB4A1AC-1A1B-4B97-97D7-A815F4068DA4}.Release|x64.Deploy.0 = Release|x64
		{DFB4A1AC-1A1B-4B97-97D7-A815F4068DA4}.Release|x86.ActiveCfg = Release|x86
		{DFB4A1AC-1A1B-4B97-97D7-A815F4068DA4}.Release|x86.Build.0 = Release|x86
		{DFB4A1AC-1A1B-4B97-97D7-A815F4068DA4}.Release|x86.Deploy.0 = Release|x86
		{4AD98E0E-B8DC-444D-9155-62226C075BAD}.Ad-Hoc|Any CPU.ActiveCfg = Debug|Any CPU
		{4AD98E0E-B8DC-444D-9155-62226C075BAD}.Ad-Hoc|Any CPU.Build.0 = Debug|Any CPU
		{4AD98E0E-B8DC-444D-9155-62226C075BAD}.Ad-Hoc|Any CPU.Deploy.0 = Debug|Any CPU
		{4AD98E0E-B8DC-444D-9155-62226C075BAD}.Ad-Hoc|ARM.ActiveCfg = Debug|Any CPU
		{4AD98E0E-B8DC-444D-9155-62226C075BAD}.Ad-Hoc|ARM.Build.0 = Debug|Any CPU
		{4AD98E0E-B8DC-444D-9155-62226C075BAD}.Ad-Hoc|ARM.Deploy.0 = Debug|Any CPU
		{4AD98E0E-B8DC-444D-9155-62226C075BAD}.Ad-Hoc|iPhone.ActiveCfg = Debug|Any CPU
		{4AD98E0E-B8DC-444D-9155-62226C075BAD}.Ad-Hoc|iPhone.Build.0 = Debug|Any CPU
		{4AD98E0E-B8DC-444D-9155-62226C075BAD}.Ad-Hoc|iPhone.Deploy.0 = Debug|Any CPU
		{4AD98E0E-B8DC-444D-9155-62226C075BAD}.Ad-Hoc|iPhoneSimulator.ActiveCfg = Debug|Any CPU
		{4AD98E0E-B8DC-444D-9155-62226C075BAD}.Ad-Hoc|iPhoneSimulator.Build.0 = Debug|Any CPU
		{4AD98E0E-B8DC-444D-9155-62226C075BAD}.Ad-Hoc|iPhoneSimulator.Deploy.0 = Debug|Any CPU
		{4AD98E0E-B8DC-444D-9155-62226C075BAD}.Ad-Hoc|x64.ActiveCfg = Debug|Any CPU
		{4AD98E0E-B8DC-444D-9155-62226C075BAD}.Ad-Hoc|x64.Build.0 = Debug|Any CPU
		{4AD98E0E-B8DC-444D-9155-62226C075BAD}.Ad-Hoc|x64.Deploy.0 = Debug|Any CPU
		{4AD98E0E-B8DC-444D-9155-62226C075BAD}.Ad-Hoc|x86.ActiveCfg = Debug|Any CPU
		{4AD98E0E-B8DC-444D-9155-62226C075BAD}.Ad-Hoc|x86.Build.0 = Debug|Any CPU
		{4AD98E0E-B8DC-444D-9155-62226C075BAD}.Ad-Hoc|x86.Deploy.0 = Debug|Any CPU
		{4AD98E0E-B8DC-444D-9155-62226C075BAD}.AppStore|Any CPU.ActiveCfg = Debug|Any CPU
		{4AD98E0E-B8DC-444D-9155-62226C075BAD}.AppStore|Any CPU.Build.0 = Debug|Any CPU
		{4AD98E0E-B8DC-444D-9155-62226C075BAD}.AppStore|Any CPU.Deploy.0 = Debug|Any CPU
		{4AD98E0E-B8DC-444D-9155-62226C075BAD}.AppStore|ARM.ActiveCfg = Debug|Any CPU
		{4AD98E0E-B8DC-444D-9155-62226C075BAD}.AppStore|ARM.Build.0 = Debug|Any CPU
		{4AD98E0E-B8DC-444D-9155-62226C075BAD}.AppStore|ARM.Deploy.0 = Debug|Any CPU
		{4AD98E0E-B8DC-444D-9155-62226C075BAD}.AppStore|iPhone.ActiveCfg = Debug|Any CPU
		{4AD98E0E-B8DC-444D-9155-62226C075BAD}.AppStore|iPhone.Build.0 = Debug|Any CPU
		{4AD98E0E-B8DC-444D-9155-62226C075BAD}.AppStore|iPhone.Deploy.0 = Debug|Any CPU
		{4AD98E0E-B8DC-444D-9155-62226C075BAD}.AppStore|iPhoneSimulator.ActiveCfg = Debug|Any CPU
		{4AD98E0E-B8DC-444D-9155-62226C075BAD}.AppStore|iPhoneSimulator.Build.0 = Debug|Any CPU
		{4AD98E0E-B8DC-444D-9155-62226C075BAD}.AppStore|iPhoneSimulator.Deploy.0 = Debug|Any CPU
		{4AD98E0E-B8DC-444D-9155-62226C075BAD}.AppStore|x64.ActiveCfg = Debug|Any CPU
		{4AD98E0E-B8DC-444D-9155-62226C075BAD}.AppStore|x64.Build.0 = Debug|Any CPU
		{4AD98E0E-B8DC-444D-9155-62226C075BAD}.AppStore|x64.Deploy.0 = Debug|Any CPU
		{4AD98E0E-B8DC-444D-9155-62226C075BAD}.AppStore|x86.ActiveCfg = Debug|Any CPU
		{4AD98E0E-B8DC-444D-9155-62226C075BAD}.AppStore|x86.Build.0 = Debug|Any CPU
		{4AD98E0E-B8DC-444D-9155-62226C075BAD}.AppStore|x86.Deploy.0 = Debug|Any CPU
		{4AD98E0E-B8DC-444D-9155-62226C075BAD}.Debug|Any CPU.ActiveCfg = Debug|Any CPU
		{4AD98E0E-B8DC-444D-9155-62226C075BAD}.Debug|Any CPU.Build.0 = Debug|Any CPU
		{4AD98E0E-B8DC-444D-9155-62226C075BAD}.Debug|Any CPU.Deploy.0 = Debug|Any CPU
		{4AD98E0E-B8DC-444D-9155-62226C075BAD}.Debug|ARM.ActiveCfg = Debug|Any CPU
		{4AD98E0E-B8DC-444D-9155-62226C075BAD}.Debug|ARM.Build.0 = Debug|Any CPU
		{4AD98E0E-B8DC-444D-9155-62226C075BAD}.Debug|ARM.Deploy.0 = Debug|Any CPU
		{4AD98E0E-B8DC-444D-9155-62226C075BAD}.Debug|iPhone.ActiveCfg = Debug|Any CPU
		{4AD98E0E-B8DC-444D-9155-62226C075BAD}.Debug|iPhone.Build.0 = Debug|Any CPU
		{4AD98E0E-B8DC-444D-9155-62226C075BAD}.Debug|iPhone.Deploy.0 = Debug|Any CPU
		{4AD98E0E-B8DC-444D-9155-62226C075BAD}.Debug|iPhoneSimulator.ActiveCfg = Debug|Any CPU
		{4AD98E0E-B8DC-444D-9155-62226C075BAD}.Debug|iPhoneSimulator.Build.0 = Debug|Any CPU
		{4AD98E0E-B8DC-444D-9155-62226C075BAD}.Debug|iPhoneSimulator.Deploy.0 = Debug|Any CPU
		{4AD98E0E-B8DC-444D-9155-62226C075BAD}.Debug|x64.ActiveCfg = Debug|Any CPU
		{4AD98E0E-B8DC-444D-9155-62226C075BAD}.Debug|x64.Build.0 = Debug|Any CPU
		{4AD98E0E-B8DC-444D-9155-62226C075BAD}.Debug|x64.Deploy.0 = Debug|Any CPU
		{4AD98E0E-B8DC-444D-9155-62226C075BAD}.Debug|x86.ActiveCfg = Debug|Any CPU
		{4AD98E0E-B8DC-444D-9155-62226C075BAD}.Debug|x86.Build.0 = Debug|Any CPU
		{4AD98E0E-B8DC-444D-9155-62226C075BAD}.Debug|x86.Deploy.0 = Debug|Any CPU
		{4AD98E0E-B8DC-444D-9155-62226C075BAD}.Release|Any CPU.ActiveCfg = Release|Any CPU
		{4AD98E0E-B8DC-444D-9155-62226C075BAD}.Release|Any CPU.Build.0 = Release|Any CPU
		{4AD98E0E-B8DC-444D-9155-62226C075BAD}.Release|Any CPU.Deploy.0 = Release|Any CPU
		{4AD98E0E-B8DC-444D-9155-62226C075BAD}.Release|ARM.ActiveCfg = Release|Any CPU
		{4AD98E0E-B8DC-444D-9155-62226C075BAD}.Release|ARM.Build.0 = Release|Any CPU
		{4AD98E0E-B8DC-444D-9155-62226C075BAD}.Release|ARM.Deploy.0 = Release|Any CPU
		{4AD98E0E-B8DC-444D-9155-62226C075BAD}.Release|iPhone.ActiveCfg = Release|Any CPU
		{4AD98E0E-B8DC-444D-9155-62226C075BAD}.Release|iPhone.Build.0 = Release|Any CPU
		{4AD98E0E-B8DC-444D-9155-62226C075BAD}.Release|iPhone.Deploy.0 = Release|Any CPU
		{4AD98E0E-B8DC-444D-9155-62226C075BAD}.Release|iPhoneSimulator.ActiveCfg = Release|Any CPU
		{4AD98E0E-B8DC-444D-9155-62226C075BAD}.Release|iPhoneSimulator.Build.0 = Release|Any CPU
		{4AD98E0E-B8DC-444D-9155-62226C075BAD}.Release|iPhoneSimulator.Deploy.0 = Release|Any CPU
		{4AD98E0E-B8DC-444D-9155-62226C075BAD}.Release|x64.ActiveCfg = Release|Any CPU
		{4AD98E0E-B8DC-444D-9155-62226C075BAD}.Release|x64.Build.0 = Release|Any CPU
		{4AD98E0E-B8DC-444D-9155-62226C075BAD}.Release|x64.Deploy.0 = Release|Any CPU
		{4AD98E0E-B8DC-444D-9155-62226C075BAD}.Release|x86.ActiveCfg = Release|Any CPU
		{4AD98E0E-B8DC-444D-9155-62226C075BAD}.Release|x86.Build.0 = Release|Any CPU
		{4AD98E0E-B8DC-444D-9155-62226C075BAD}.Release|x86.Deploy.0 = Release|Any CPU
	EndGlobalSection
	GlobalSection(SolutionProperties) = preSolution
		HideSolutionNode = FALSE
	EndGlobalSection
	GlobalSection(ExtensibilityGlobals) = postSolution
		SolutionGuid = {25C40A51-DE0C-458A-A342-699397F3C452}
	EndGlobalSection
EndGlobal
